Microsoft Visual Studio Solution File, Format Version 12.00
# Visual Studio Version 17
VisualStudioVersion = 17.5.2.0
MinimumVisualStudioVersion = 10.0.40219.1
Project("{FAE04EC0-301F-11D3-BF4B-00C04F79EFBC}") = "localRAG", "localRAG.csproj", "{97561AA1-5527-0684-62F9-E069D9B1A22C}"
EndProject
Global
	GlobalSection(SolutionConfigurationPlatforms) = preSolution
		Debug|Any CPU = Debug|Any CPU
		Release|Any CPU = Release|Any CPU
	EndGlobalSection
	GlobalSection(ProjectConfigurationPlatforms) = postSolution
		{97561AA1-5527-0684-62F9-E069D9B1A22C}.Debug|Any CPU.ActiveCfg = Debug|Any CPU
		{97561AA1-5527-0684-62F9-E069D9B1A22C}.Debug|Any CPU.Build.0 = Debug|Any CPU
		{97561AA1-5527-0684-62F9-E069D9B1A22C}.Release|Any CPU.ActiveCfg = Release|Any CPU
		{97561AA1-5527-0684-62F9-E069D9B1A22C}.Release|Any CPU.Build.0 = Release|Any CPU
	EndGlobalSection
	GlobalSection(SolutionProperties) = preSolution
		HideSolutionNode = FALSE
	EndGlobalSection
	GlobalSection(ExtensibilityGlobals) = postSolution
		SolutionGuid = {1A757571-7542-4293-BF11-497CEEE58D85}
	EndGlobalSection
EndGlobal
